
Microsoft Visual Studio Solution File, Format Version 12.00
# Visual Studio Version 17
VisualStudioVersion = 17.13.35825.156 d17.13
MinimumVisualStudioVersion = 10.0.40219.1
Project("{FAE04EC0-301F-11D3-BF4B-00C04F79EFBC}") = "lcr_pay", "lcr_pay\lcr_pay.csproj", "{8F6C634B-7788-45A4-A140-CD0F7695904F}"
EndProject
Global
	GlobalSection(SolutionConfigurationPlatforms) = preSolution
		Debug|Any CPU = Debug|Any CPU
		Release|Any CPU = Release|Any CPU
	EndGlobalSection
	GlobalSection(ProjectConfigurationPlatforms) = postSolution
		{8F6C634B-7788-45A4-A140-CD0F7695904F}.Debug|Any CPU.ActiveCfg = Debug|Any CPU
		{8F6C634B-7788-45A4-A140-CD0F7695904F}.Debug|Any CPU.Build.0 = Debug|Any CPU
		{8F6C634B-7788-45A4-A140-CD0F7695904F}.Release|Any CPU.ActiveCfg = Release|Any CPU
		{8F6C634B-7788-45A4-A140-CD0F7695904F}.Release|Any CPU.Build.0 = Release|Any CPU
	EndGlobalSection
	GlobalSection(SolutionProperties) = preSolution
		HideSolutionNode = FALSE
	EndGlobalSection
	GlobalSection(ExtensibilityGlobals) = postSolution
		SolutionGuid = {C639C4BC-079E-4A08-8038-09D143475F23}
	EndGlobalSection
EndGlobal
